// !$*UTF8*$!
{
	archiveVersion = 1;
	classes = {
	};
	objectVersion = 56;
	objects = {

/* Begin PBXBuildFile section */
		BF0EFAED29AAB652004697F9 /* recipes.json in Resources */ = {isa = PBXBuildFile; fileRef = BF0EFAEC29AAB652004697F9 /* recipes.json */; };
		BF0EFAEF29AAC139004697F9 /* RecipesFeaturedView.swift in Sources */ = {isa = PBXBuildFile; fileRef = BF0EFAEE29AAC139004697F9 /* RecipesFeaturedView.swift */; };
		BF2C5D2D299ECEB00022EFED /* Recipe_ListApp.swift in Sources */ = {isa = PBXBuildFile; fileRef = BF2C5D2C299ECEB00022EFED /* Recipe_ListApp.swift */; };
		BF2C5D2F299ECEB00022EFED /* RecipeListView.swift in Sources */ = {isa = PBXBuildFile; fileRef = BF2C5D2E299ECEB00022EFED /* RecipeListView.swift */; };
		BF2C5D31299ECEB20022EFED /* Assets.xcassets in Resources */ = {isa = PBXBuildFile; fileRef = BF2C5D30299ECEB20022EFED /* Assets.xcassets */; };
		BF2C5D34299ECEB20022EFED /* Preview Assets.xcassets in Resources */ = {isa = PBXBuildFile; fileRef = BF2C5D33299ECEB20022EFED /* Preview Assets.xcassets */; };
		BF2C5D42299ED04A0022EFED /* Recipe.swift in Sources */ = {isa = PBXBuildFile; fileRef = BF2C5D41299ED04A0022EFED /* Recipe.swift */; };
		BF2C5D44299ED1FC0022EFED /* RecipeModel.swift in Sources */ = {isa = PBXBuildFile; fileRef = BF2C5D43299ED1FC0022EFED /* RecipeModel.swift */; };
		BF2C5D46299ED5460022EFED /* DataServices.swift in Sources */ = {isa = PBXBuildFile; fileRef = BF2C5D45299ED5460022EFED /* DataServices.swift */; };
		BF2E4C6029A2B93E00D0C0D7 /* RecipeDetalView.swift in Sources */ = {isa = PBXBuildFile; fileRef = BF2E4C5F29A2B93E00D0C0D7 /* RecipeDetalView.swift */; };
		BFCEEDF829A97787009267CB /* RecipeTabView.swift in Sources */ = {isa = PBXBuildFile; fileRef = BFCEEDF729A97787009267CB /* RecipeTabView.swift */; };
/* End PBXBuildFile section */

/* Begin PBXFileReference section */
		BF0EFAEC29AAB652004697F9 /* recipes.json */ = {isa = PBXFileReference; fileEncoding = 4; lastKnownFileType = text.json; path = recipes.json; sourceTree = "<group>"; };
		BF0EFAEE29AAC139004697F9 /* RecipesFeaturedView.swift */ = {isa = PBXFileReference; lastKnownFileType = sourcecode.swift; path = RecipesFeaturedView.swift; sourceTree = "<group>"; };
		BF2C5D29299ECEB00022EFED /* Recipe List.app */ = {isa = PBXFileReference; explicitFileType = wrapper.application; includeInIndex = 0; path = "Recipe List.app"; sourceTree = BUILT_PRODUCTS_DIR; };
		BF2C5D2C299ECEB00022EFED /* Recipe_ListApp.swift */ = {isa = PBXFileReference; lastKnownFileType = sourcecode.swift; path = Recipe_ListApp.swift; sourceTree = "<group>"; };
		BF2C5D2E299ECEB00022EFED /* RecipeListView.swift */ = {isa = PBXFileReference; lastKnownFileType = sourcecode.swift; path = RecipeListView.swift; sourceTree = "<group>"; };
		BF2C5D30299ECEB20022EFED /* Assets.xcassets */ = {isa = PBXFileReference; lastKnownFileType = folder.assetcatalog; path = Assets.xcassets; sourceTree = "<group>"; };
		BF2C5D33299ECEB20022EFED /* Preview Assets.xcassets */ = {isa = PBXFileReference; lastKnownFileType = folder.assetcatalog; path = "Preview Assets.xcassets"; sourceTree = "<group>"; };
		BF2C5D41299ED04A0022EFED /* Recipe.swift */ = {isa = PBXFileReference; lastKnownFileType = sourcecode.swift; path = Recipe.swift; sourceTree = "<group>"; };
		BF2C5D43299ED1FC0022EFED /* RecipeModel.swift */ = {isa = PBXFileReference; lastKnownFileType = sourcecode.swift; path = RecipeModel.swift; sourceTree = "<group>"; };
		BF2C5D45299ED5460022EFED /* DataServices.swift */ = {isa = PBXFileReference; lastKnownFileType = sourcecode.swift; path = DataServices.swift; sourceTree = "<group>"; };
		BF2E4C5F29A2B93E00D0C0D7 /* RecipeDetalView.swift */ = {isa = PBXFileReference; lastKnownFileType = sourcecode.swift; path = RecipeDetalView.swift; sourceTree = "<group>"; };
		BFCEEDF729A97787009267CB /* RecipeTabView.swift */ = {isa = PBXFileReference; lastKnownFileType = sourcecode.swift; path = RecipeTabView.swift; sourceTree = "<group>"; };
/* End PBXFileReference section */

/* Begin PBXFrameworksBuildPhase section */
		BF2C5D26299ECEB00022EFED /* Frameworks */ = {
			isa = PBXFrameworksBuildPhase;
			buildActionMask = 2147483647;
			files = (
			);
			runOnlyForDeploymentPostprocessing = 0;
		};
/* End PBXFrameworksBuildPhase section */

/* Begin PBXGroup section */
		BF2C5D20299ECEB00022EFED = {
			isa = PBXGroup;
			children = (
				BF2C5D2B299ECEB00022EFED /* Recipe List */,
				BF2C5D2A299ECEB00022EFED /* Products */,
			);
			sourceTree = "<group>";
		};
		BF2C5D2A299ECEB00022EFED /* Products */ = {
			isa = PBXGroup;
			children = (
				BF2C5D29299ECEB00022EFED /* Recipe List.app */,
			);
			name = Products;
			sourceTree = "<group>";
		};
		BF2C5D2B299ECEB00022EFED /* Recipe List */ = {
			isa = PBXGroup;
			children = (
				BF2C5D2C299ECEB00022EFED /* Recipe_ListApp.swift */,
				BF2C5D3A299ECEC90022EFED /* Views */,
				BF2C5D3B299ECED70022EFED /* ViewModels */,
				BF2C5D3C299ECEE20022EFED /* Models */,
				BF2C5D3E299ECF000022EFED /* Services */,
				BF2C5D3D299ECEF30022EFED /* Data */,
				BF2C5D30299ECEB20022EFED /* Assets.xcassets */,
				BF2C5D32299ECEB20022EFED /* Preview Content */,
			);
			path = "Recipe List";
			sourceTree = "<group>";
		};
		BF2C5D32299ECEB20022EFED /* Preview Content */ = {
			isa = PBXGroup;
			children = (
				BF2C5D33299ECEB20022EFED /* Preview Assets.xcassets */,
			);
			path = "Preview Content";
			sourceTree = "<group>";
		};
		BF2C5D3A299ECEC90022EFED /* Views */ = {
			isa = PBXGroup;
			children = (
				BFCEEDF729A97787009267CB /* RecipeTabView.swift */,
				BF0EFAEE29AAC139004697F9 /* RecipesFeaturedView.swift */,
				BF2C5D2E299ECEB00022EFED /* RecipeListView.swift */,
				BF2E4C5F29A2B93E00D0C0D7 /* RecipeDetalView.swift */,
			);
			path = Views;
			sourceTree = "<group>";
		};
		BF2C5D3B299ECED70022EFED /* ViewModels */ = {
			isa = PBXGroup;
			children = (
				BF2C5D43299ED1FC0022EFED /* RecipeModel.swift */,
			);
			path = ViewModels;
			sourceTree = "<group>";
		};
		BF2C5D3C299ECEE20022EFED /* Models */ = {
			isa = PBXGroup;
			children = (
				BF2C5D41299ED04A0022EFED /* Recipe.swift */,
			);
			path = Models;
			sourceTree = "<group>";
		};
		BF2C5D3D299ECEF30022EFED /* Data */ = {
			isa = PBXGroup;
			children = (
				BF0EFAEC29AAB652004697F9 /* recipes.json */,
			);
			path = Data;
			sourceTree = "<group>";
		};
		BF2C5D3E299ECF000022EFED /* Services */ = {
			isa = PBXGroup;
			children = (
				BF2C5D45299ED5460022EFED /* DataServices.swift */,
			);
			path = Services;
			sourceTree = "<group>";
		};
/* End PBXGroup section */

/* Begin PBXNativeTarget section */
		BF2C5D28299ECEB00022EFED /* Recipe List */ = {
			isa = PBXNativeTarget;
			buildConfigurationList = BF2C5D37299ECEB20022EFED /* Build configuration list for PBXNativeTarget "Recipe List" */;
			buildPhases = (
				BF2C5D25299ECEB00022EFED /* Sources */,
				BF2C5D26299ECEB00022EFED /* Frameworks */,
				BF2C5D27299ECEB00022EFED /* Resources */,
			);
			buildRules = (
			);
			dependencies = (
			);
			name = "Recipe List";
			productName = "Recipe List";
			productReference = BF2C5D29299ECEB00022EFED /* Recipe List.app */;
			productType = "com.apple.product-type.application";
		};
/* End PBXNativeTarget section */

/* Begin PBXProject section */
		BF2C5D21299ECEB00022EFED /* Project object */ = {
			isa = PBXProject;
			attributes = {
				BuildIndependentTargetsInParallel = 1;
				LastSwiftUpdateCheck = 1420;
				LastUpgradeCheck = 1420;
				TargetAttributes = {
					BF2C5D28299ECEB00022EFED = {
						CreatedOnToolsVersion = 14.2;
					};
				};
			};
			buildConfigurationList = BF2C5D24299ECEB00022EFED /* Build configuration list for PBXProject "Recipe List" */;
			compatibilityVersion = "Xcode 14.0";
			developmentRegion = en;
			hasScannedForEncodings = 0;
			knownRegions = (
				en,
				Base,
			);
			mainGroup = BF2C5D20299ECEB00022EFED;
			productRefGroup = BF2C5D2A299ECEB00022EFED /* Products */;
			projectDirPath = "";
			projectRoot = "";
			targets = (
				BF2C5D28299ECEB00022EFED /* Recipe List */,
			);
		};
/* End PBXProject section */

/* Begin PBXResourcesBuildPhase section */
		BF2C5D27299ECEB00022EFED /* Resources */ = {
			isa = PBXResourcesBuildPhase;
			buildActionMask = 2147483647;
			files = (
				BF2C5D34299ECEB20022EFED /* Preview Assets.xcassets in Resources */,
				BF0EFAED29AAB652004697F9 /* recipes.json in Resources */,
				BF2C5D31299ECEB20022EFED /* Assets.xcassets in Resources */,
			);
			runOnlyForDeploymentPostprocessing = 0;
		};
/* End PBXResourcesBuildPhase section */

/* Begin PBXSourcesBuildPhase section */
		BF2C5D25299ECEB00022EFED /* Sources */ = {
			isa = PBXSourcesBuildPhase;
			buildActionMask = 2147483647;
			files = (
				BF2C5D46299ED5460022EFED /* DataServices.swift in Sources */,
				BF2C5D42299ED04A0022EFED /* Recipe.swift in Sources */,
				BF0EFAEF29AAC139004697F9 /* RecipesFeaturedView.swift in Sources */,
				BF2C5D44299ED1FC0022EFED /* RecipeModel.swift in Sources */,
				BF2C5D2F299ECEB00022EFED /* RecipeListView.swift in Sources */,
				BF2C5D2D299ECEB00022EFED /* Recipe_ListApp.swift in Sources */,
				BF2E4C6029A2B93E00D0C0D7 /* RecipeDetalView.swift in Sources */,
				BFCEEDF829A97787009267CB /* RecipeTabView.swift in Sources */,
			);
			runOnlyForDeploymentPostprocessing = 0;
		};
/* End PBXSourcesBuildPhase section */

/* Begin XCBuildConfiguration section */
		BF2C5D35299ECEB20022EFED /* Debug */ = {
			isa = XCBuildConfiguration;
			buildSettings = {
				ALWAYS_SEARCH_USER_PATHS = NO;
				CLANG_ANALYZER_NONNULL = YES;
				CLANG_ANALYZER_NUMBER_OBJECT_CONVERSION = YES_AGGRESSIVE;
				CLANG_CXX_LANGUAGE_STANDARD = "gnu++20";
				CLANG_ENABLE_MODULES = YES;
				CLANG_ENABLE_OBJC_ARC = YES;
				CLANG_ENABLE_OBJC_WEAK = YES;
				CLANG_WARN_BLOCK_CAPTURE_AUTORELEASING = YES;
				CLANG_WARN_BOOL_CONVERSION = YES;
				CLANG_WARN_COMMA = YES;
				CLANG_WARN_CONSTANT_CONVERSION = YES;
				CLANG_WARN_DEPRECATED_OBJC_IMPLEMENTATIONS = YES;
				CLANG_WARN_DIRECT_OBJC_ISA_USAGE = YES_ERROR;
				CLANG_WARN_DOCUMENTATION_COMMENTS = YES;
				CLANG_WARN_EMPTY_BODY = YES;
				CLANG_WARN_ENUM_CONVERSION = YES;
				CLANG_WARN_INFINITE_RECURSION = YES;
				CLANG_WARN_INT_CONVERSION = YES;
				CLANG_WARN_NON_LITERAL_NULL_CONVERSION = YES;
				CLANG_WARN_OBJC_IMPLICIT_RETAIN_SELF = YES;
				CLANG_WARN_OBJC_LITERAL_CONVERSION = YES;
				CLANG_WARN_OBJC_ROOT_CLASS = YES_ERROR;
				CLANG_WARN_QUOTED_INCLUDE_IN_FRAMEWORK_HEADER = YES;
				CLANG_WARN_RANGE_LOOP_ANALYSIS = YES;
				CLANG_WARN_STRICT_PROTOTYPES = YES;
				CLANG_WARN_SUSPICIOUS_MOVE = YES;
				CLANG_WARN_UNGUARDED_AVAILABILITY = YES_AGGRESSIVE;
				CLANG_WARN_UNREACHABLE_CODE = YES;
				CLANG_WARN__DUPLICATE_METHOD_MATCH = YES;
				COPY_PHASE_STRIP = NO;
				DEBUG_INFORMATION_FORMAT = dwarf;
				ENABLE_STRICT_OBJC_MSGSEND = YES;
				ENABLE_TESTABILITY = YES;
				GCC_C_LANGUAGE_STANDARD = gnu11;
				GCC_DYNAMIC_NO_PIC = NO;
				GCC_NO_COMMON_BLOCKS = YES;
				GCC_OPTIMIZATION_LEVEL = 0;
				GCC_PREPROCESSOR_DEFINITIONS = (
					"DEBUG=1",
					"$(inherited)",
				);
				GCC_WARN_64_TO_32_BIT_CONVERSION = YES;
				GCC_WARN_ABOUT_RETURN_TYPE = YES_ERROR;
				GCC_WARN_UNDECLARED_SELECTOR = YES;
				GCC_WARN_UNINITIALIZED_AUTOS = YES_AGGRESSIVE;
				GCC_WARN_UNUSED_FUNCTION = YES;
				GCC_WARN_UNUSED_VARIABLE = YES;
				IPHONEOS_DEPLOYMENT_TARGET = 16.2;
				MTL_ENABLE_DEBUG_INFO = INCLUDE_SOURCE;
				MTL_FAST_MATH = YES;
				ONLY_ACTIVE_ARCH = YES;
				SDKROOT = iphoneos;
				SWIFT_ACTIVE_COMPILATION_CONDITIONS = DEBUG;
				SWIFT_OPTIMIZATION_LEVEL = "-Onone";
			};
			name = Debug;
		};
		BF2C5D36299ECEB20022EFED /* Release */ = {
			isa = XCBuildConfiguration;
			buildSettings = {
				ALWAYS_SEARCH_USER_PATHS = NO;
				CLANG_ANALYZER_NONNULL = YES;
				CLANG_ANALYZER_NUMBER_OBJECT_CONVERSION = YES_AGGRESSIVE;
				CLANG_CXX_LANGUAGE_STANDARD = "gnu++20";
				CLANG_ENABLE_MODULES = YES;
				CLANG_ENABLE_OBJC_ARC = YES;
				CLANG_ENABLE_OBJC_WEAK = YES;
				CLANG_WARN_BLOCK_CAPTURE_AUTORELEASING = YES;
				CLANG_WARN_BOOL_CONVERSION = YES;
				CLANG_WARN_COMMA = YES;
				CLANG_WARN_CONSTANT_CONVERSION = YES;
				CLANG_WARN_DEPRECATED_OBJC_IMPLEMENTATIONS = YES;
				CLANG_WARN_DIRECT_OBJC_ISA_USAGE = YES_ERROR;
				CLANG_WARN_DOCUMENTATION_COMMENTS = YES;
				CLANG_WARN_EMPTY_BODY = YES;
				CLANG_WARN_ENUM_CONVERSION = YES;
				CLANG_WARN_INFINITE_RECURSION = YES;
				CLANG_WARN_INT_CONVERSION = YES;
				CLANG_WARN_NON_LITERAL_NULL_CONVERSION = YES;
				CLANG_WARN_OBJC_IMPLICIT_RETAIN_SELF = YES;
				CLANG_WARN_OBJC_LITERAL_CONVERSION = YES;
				CLANG_WARN_OBJC_ROOT_CLASS = YES_ERROR;
				CLANG_WARN_QUOTED_INCLUDE_IN_FRAMEWORK_HEADER = YES;
				CLANG_WARN_RANGE_LOOP_ANALYSIS = YES;
				CLANG_WARN_STRICT_PROTOTYPES = YES;
				CLANG_WARN_SUSPICIOUS_MOVE = YES;
				CLANG_WARN_UNGUARDED_AVAILABILITY = YES_AGGRESSIVE;
				CLANG_WARN_UNREACHABLE_CODE = YES;
				CLANG_WARN__DUPLICATE_METHOD_MATCH = YES;
				COPY_PHASE_STRIP = NO;
				DEBUG_INFORMATION_FORMAT = "dwarf-with-dsym";
				ENABLE_NS_ASSERTIONS = NO;
				ENABLE_STRICT_OBJC_MSGSEND = YES;
				GCC_C_LANGUAGE_STANDARD = gnu11;
				GCC_NO_COMMON_BLOCKS = YES;
				GCC_WARN_64_TO_32_BIT_CONVERSION = YES;
				GCC_WARN_ABOUT_RETURN_TYPE = YES_ERROR;
				GCC_WARN_UNDECLARED_SELECTOR = YES;
				GCC_WARN_UNINITIALIZED_AUTOS = YES_AGGRESSIVE;
				GCC_WARN_UNUSED_FUNCTION = YES;
				GCC_WARN_UNUSED_VARIABLE = YES;
				IPHONEOS_DEPLOYMENT_TARGET = 16.2;
				MTL_ENABLE_DEBUG_INFO = NO;
				MTL_FAST_MATH = YES;
				SDKROOT = iphoneos;
				SWIFT_COMPILATION_MODE = wholemodule;
				SWIFT_OPTIMIZATION_LEVEL = "-O";
				VALIDATE_PRODUCT = YES;
			};
			name = Release;
		};
		BF2C5D38299ECEB20022EFED /* Debug */ = {
			isa = XCBuildConfiguration;
			buildSettings = {
				ASSETCATALOG_COMPILER_APPICON_NAME = AppIcon;
				ASSETCATALOG_COMPILER_GLOBAL_ACCENT_COLOR_NAME = AccentColor;
				CODE_SIGN_STYLE = Automatic;
				CURRENT_PROJECT_VERSION = 1;
				DEVELOPMENT_ASSET_PATHS = "\"Recipe List/Preview Content\"";
				DEVELOPMENT_TEAM = A9N9622AXW;
				ENABLE_PREVIEWS = YES;
				GENERATE_INFOPLIST_FILE = YES;
				INFOPLIST_KEY_UIApplicationSceneManifest_Generation = YES;
				INFOPLIST_KEY_UIApplicationSupportsIndirectInputEvents = YES;
				INFOPLIST_KEY_UILaunchScreen_Generation = YES;
				INFOPLIST_KEY_UISupportedInterfaceOrientations_iPad = "UIInterfaceOrientationPortrait UIInterfaceOrientationPortraitUpsideDown UIInterfaceOrientationLandscapeLeft UIInterfaceOrientationLandscapeRight";
				INFOPLIST_KEY_UISupportedInterfaceOrientations_iPhone = "UIInterfaceOrientationPortrait UIInterfaceOrientationLandscapeLeft UIInterfaceOrientationLandscapeRight";
				LD_RUNPATH_SEARCH_PATHS = (
					"$(inherited)",
					"@executable_path/Frameworks",
				);
				MARKETING_VERSION = 1.0;
				PRODUCT_BUNDLE_IDENTIFIER = "com.jalinehan54.Recipe-List";
				PRODUCT_NAME = "$(TARGET_NAME)";
				SWIFT_EMIT_LOC_STRINGS = YES;
				SWIFT_VERSION = 5.0;
				TARGETED_DEVICE_FAMILY = "1,2";
			};
			name = Debug;
		};
		BF2C5D39299ECEB20022EFED /* Release */ = {
			isa = XCBuildConfiguration;
			buildSettings = {
				ASSETCATALOG_COMPILER_APPICON_NAME = AppIcon;
				ASSETCATALOG_COMPILER_GLOBAL_ACCENT_COLOR_NAME = AccentColor;
				CODE_SIGN_STYLE = Automatic;
				CURRENT_PROJECT_VERSION = 1;
				DEVELOPMENT_ASSET_PATHS = "\"Recipe List/Preview Content\"";
				DEVELOPMENT_TEAM = A9N9622AXW;
				ENABLE_PREVIEWS = YES;
				GENERATE_INFOPLIST_FILE = YES;
				INFOPLIST_KEY_UIApplicationSceneManifest_Generation = YES;
				INFOPLIST_KEY_UIApplicationSupportsIndirectInputEvents = YES;
				INFOPLIST_KEY_UILaunchScreen_Generation = YES;
				INFOPLIST_KEY_UISupportedInterfaceOrientations_iPad = "UIInterfaceOrientationPortrait UIInterfaceOrientationPortraitUpsideDown UIInterfaceOrientationLandscapeLeft UIInterfaceOrientationLandscapeRight";
				INFOPLIST_KEY_UISupportedInterfaceOrientations_iPhone = "UIInterfaceOrientationPortrait UIInterfaceOrientationLandscapeLeft UIInterfaceOrientationLandscapeRight";
				LD_RUNPATH_SEARCH_PATHS = (
					"$(inherited)",
					"@executable_path/Frameworks",
				);
				MARKETING_VERSION = 1.0;
				PRODUCT_BUNDLE_IDENTIFIER = "com.jalinehan54.Recipe-List";
				PRODUCT_NAME = "$(TARGET_NAME)";
				SWIFT_EMIT_LOC_STRINGS = YES;
				SWIFT_VERSION = 5.0;
				TARGETED_DEVICE_FAMILY = "1,2";
			};
			name = Release;
		};
/* End XCBuildConfiguration section */

/* Begin XCConfigurationList section */
		BF2C5D24299ECEB00022EFED /* Build configuration list for PBXProject "Recipe List" */ = {
			isa = XCConfigurationList;
			buildConfigurations = (
				BF2C5D35299ECEB20022EFED /* Debug */,
				BF2C5D36299ECEB20022EFED /* Release */,
			);
			defaultConfigurationIsVisible = 0;
			defaultConfigurationName = Release;
		};
		BF2C5D37299ECEB20022EFED /* Build configuration list for PBXNativeTarget "Recipe List" */ = {
			isa = XCConfigurationList;
			buildConfigurations = (
				BF2C5D38299ECEB20022EFED /* Debug */,
				BF2C5D39299ECEB20022EFED /* Release */,
			);
			defaultConfigurationIsVisible = 0;
			defaultConfigurationName = Release;
		};
/* End XCConfigurationList section */
	};
	rootObject = BF2C5D21299ECEB00022EFED /* Project object */;
}
